
Microsoft Visual Studio Solution File, Format Version 12.00
# Visual Studio 15
VisualStudioVersion = 15.0.27703.2026
MinimumVisualStudioVersion = 10.0.40219.1
Project("{FAE04EC0-301F-11D3-BF4B-00C04F79EFBC}") = "FinancialStatementParser", "FinancialStatementParser\FinancialStatementParser.csproj", "{C06BD8B1-910B-4912-B41F-921EE78EF5DE}"
EndProject
Project("{FAE04EC0-301F-11D3-BF4B-00C04F79EFBC}") = "FinancialStatementParser.Core", "FinancialStatementParser.Core\FinancialStatementParser.Core.csproj", "{6747A17A-94D8-4E37-BB2E-27EB15B81EF3}"
EndProject
Project("{9A19103F-16F7-4668-BE54-9A1E7A4F7556}") = "Contracts", "..\Shared\Contracts\Contracts.csproj", "{0591FA32-CC82-451A-B55E-30E2C00A5E53}"
EndProject
Global
	GlobalSection(SolutionConfigurationPlatforms) = preSolution
		Debug|Any CPU = Debug|Any CPU
		Release|Any CPU = Release|Any CPU
	EndGlobalSection
	GlobalSection(ProjectConfigurationPlatforms) = postSolution
		{C06BD8B1-910B-4912-B41F-921EE78EF5DE}.Debug|Any CPU.ActiveCfg = Debug|Any CPU
		{C06BD8B1-910B-4912-B41F-921EE78EF5DE}.Debug|Any CPU.Build.0 = Debug|Any CPU
		{C06BD8B1-910B-4912-B41F-921EE78EF5DE}.Release|Any CPU.ActiveCfg = Release|Any CPU
		{C06BD8B1-910B-4912-B41F-921EE78EF5DE}.Release|Any CPU.Build.0 = Release|Any CPU
		{6747A17A-94D8-4E37-BB2E-27EB15B81EF3}.Debug|Any CPU.ActiveCfg = Debug|Any CPU
		{6747A17A-94D8-4E37-BB2E-27EB15B81EF3}.Debug|Any CPU.Build.0 = Debug|Any CPU
		{6747A17A-94D8-4E37-BB2E-27EB15B81EF3}.Release|Any CPU.ActiveCfg = Release|Any CPU
		{6747A17A-94D8-4E37-BB2E-27EB15B81EF3}.Release|Any CPU.Build.0 = Release|Any CPU
		{0591FA32-CC82-451A-B55E-30E2C00A5E53}.Debug|Any CPU.ActiveCfg = Debug|Any CPU
		{0591FA32-CC82-451A-B55E-30E2C00A5E53}.Debug|Any CPU.Build.0 = Debug|Any CPU
		{0591FA32-CC82-451A-B55E-30E2C00A5E53}.Release|Any CPU.ActiveCfg = Release|Any CPU
		{0591FA32-CC82-451A-B55E-30E2C00A5E53}.Release|Any CPU.Build.0 = Release|Any CPU
	EndGlobalSection
	GlobalSection(SolutionProperties) = preSolution
		HideSolutionNode = FALSE
	EndGlobalSection
	GlobalSection(ExtensibilityGlobals) = postSolution
		SolutionGuid = {63A25356-6F10-4AA1-A9E5-D59AA7C2B49D}
	EndGlobalSection
EndGlobal
